
Microsoft Visual Studio Solution File, Format Version 12.00
# Visual Studio Version 17
VisualStudioVersion = 17.6.33829.357
MinimumVisualStudioVersion = 10.0.40219.1
Project("{FAE04EC0-301F-11D3-BF4B-00C04F79EFBC}") = "GemmaTodoApp", "GemmaTodoApp\GemmaTodoApp.csproj", "{DD627ECF-D80B-4BF9-A57F-9406D0CBB69E}"
EndProject
Project("{FAE04EC0-301F-11D3-BF4B-00C04F79EFBC}") = "GemmaTodoData", "GemmaTodoData\GemmaTodoData.csproj", "{146443D5-D2E3-4863-9111-E7635A5BF825}"
EndProject
Project("{FAE04EC0-301F-11D3-BF4B-00C04F79EFBC}") = "GemmaTodoModel", "GemmaTodoCore\GemmaTodoModel.csproj", "{2738DFB2-DE3C-486D-A249-55DBC362A5E5}"
EndProject
Global
	GlobalSection(SolutionConfigurationPlatforms) = preSolution
		Debug|Any CPU = Debug|Any CPU
		Release|Any CPU = Release|Any CPU
	EndGlobalSection
	GlobalSection(ProjectConfigurationPlatforms) = postSolution
		{DD627ECF-D80B-4BF9-A57F-9406D0CBB69E}.Debug|Any CPU.ActiveCfg = Debug|Any CPU
		{DD627ECF-D80B-4BF9-A57F-9406D0CBB69E}.Debug|Any CPU.Build.0 = Debug|Any CPU
		{DD627ECF-D80B-4BF9-A57F-9406D0CBB69E}.Release|Any CPU.ActiveCfg = Release|Any CPU
		{DD627ECF-D80B-4BF9-A57F-9406D0CBB69E}.Release|Any CPU.Build.0 = Release|Any CPU
		{146443D5-D2E3-4863-9111-E7635A5BF825}.Debug|Any CPU.ActiveCfg = Debug|Any CPU
		{146443D5-D2E3-4863-9111-E7635A5BF825}.Debug|Any CPU.Build.0 = Debug|Any CPU
		{146443D5-D2E3-4863-9111-E7635A5BF825}.Release|Any CPU.ActiveCfg = Release|Any CPU
		{146443D5-D2E3-4863-9111-E7635A5BF825}.Release|Any CPU.Build.0 = Release|Any CPU
		{2738DFB2-DE3C-486D-A249-55DBC362A5E5}.Debug|Any CPU.ActiveCfg = Debug|Any CPU
		{2738DFB2-DE3C-486D-A249-55DBC362A5E5}.Debug|Any CPU.Build.0 = Debug|Any CPU
		{2738DFB2-DE3C-486D-A249-55DBC362A5E5}.Release|Any CPU.ActiveCfg = Release|Any CPU
		{2738DFB2-DE3C-486D-A249-55DBC362A5E5}.Release|Any CPU.Build.0 = Release|Any CPU
	EndGlobalSection
	GlobalSection(SolutionProperties) = preSolution
		HideSolutionNode = FALSE
	EndGlobalSection
	GlobalSection(ExtensibilityGlobals) = postSolution
		SolutionGuid = {5D6AE9BD-4B87-4910-88BD-CBA0FAE5F298}
	EndGlobalSection
EndGlobal
